
Microsoft Visual Studio Solution File, Format Version 12.00
# Visual Studio Version 16
VisualStudioVersion = 16.0.30503.244
MinimumVisualStudioVersion = 10.0.40219.1
Project("{FAE04EC0-301F-11D3-BF4B-00C04F79EFBC}") = "KanyeWest", "KanyeWest\KanyeWest.csproj", "{A14A01DC-8774-4B4B-9665-F36F26A0756A}"
EndProject
Global
	GlobalSection(SolutionConfigurationPlatforms) = preSolution
		Debug|Any CPU = Debug|Any CPU
		Release|Any CPU = Release|Any CPU
	EndGlobalSection
	GlobalSection(ProjectConfigurationPlatforms) = postSolution
		{A14A01DC-8774-4B4B-9665-F36F26A0756A}.Debug|Any CPU.ActiveCfg = Debug|Any CPU
		{A14A01DC-8774-4B4B-9665-F36F26A0756A}.Debug|Any CPU.Build.0 = Debug|Any CPU
		{A14A01DC-8774-4B4B-9665-F36F26A0756A}.Release|Any CPU.ActiveCfg = Release|Any CPU
		{A14A01DC-8774-4B4B-9665-F36F26A0756A}.Release|Any CPU.Build.0 = Release|Any CPU
	EndGlobalSection
	GlobalSection(SolutionProperties) = preSolution
		HideSolutionNode = FALSE
	EndGlobalSection
	GlobalSection(ExtensibilityGlobals) = postSolution
		SolutionGuid = {C0D841B5-D956-4A5D-9DE9-64AC0531BAAA}
	EndGlobalSection
EndGlobal
